
Microsoft Visual Studio Solution File, Format Version 12.00
# Visual Studio Version 17
VisualStudioVersion = 17.14.36429.23 d17.14
MinimumVisualStudioVersion = 10.0.40219.1
Project("{FAE04EC0-301F-11D3-BF4B-00C04F79EFBC}") = "20260219_Tömbök", "20260219_Tömbök\20260219_Tömbök.csproj", "{A5CB9012-74E5-425D-B319-A2E5A9FAC899}"
EndProject
Global
	GlobalSection(SolutionConfigurationPlatforms) = preSolution
		Debug|Any CPU = Debug|Any CPU
		Release|Any CPU = Release|Any CPU
	EndGlobalSection
	GlobalSection(ProjectConfigurationPlatforms) = postSolution
		{A5CB9012-74E5-425D-B319-A2E5A9FAC899}.Debug|Any CPU.ActiveCfg = Debug|Any CPU
		{A5CB9012-74E5-425D-B319-A2E5A9FAC899}.Debug|Any CPU.Build.0 = Debug|Any CPU
		{A5CB9012-74E5-425D-B319-A2E5A9FAC899}.Release|Any CPU.ActiveCfg = Release|Any CPU
		{A5CB9012-74E5-425D-B319-A2E5A9FAC899}.Release|Any CPU.Build.0 = Release|Any CPU
	EndGlobalSection
	GlobalSection(SolutionProperties) = preSolution
		HideSolutionNode = FALSE
	EndGlobalSection
	GlobalSection(ExtensibilityGlobals) = postSolution
		SolutionGuid = {396FA7E7-9580-4CDD-8E85-B250AA7BBBC9}
	EndGlobalSection
EndGlobal
